
Microsoft Visual Studio Solution File, Format Version 12.00
# Visual Studio Version 16
VisualStudioVersion = 16.0.31025.194
MinimumVisualStudioVersion = 10.0.40219.1
Project("{FAE04EC0-301F-11D3-BF4B-00C04F79EFBC}") = "ResponsiveUI", "ResponsiveUI\ResponsiveUI.csproj", "{0B3DB89B-1124-45A7-ABC1-2C42596CC6D1}"
EndProject
Global
	GlobalSection(SolutionConfigurationPlatforms) = preSolution
		Debug|Any CPU = Debug|Any CPU
		Release|Any CPU = Release|Any CPU
	EndGlobalSection
	GlobalSection(ProjectConfigurationPlatforms) = postSolution
		{0B3DB89B-1124-45A7-ABC1-2C42596CC6D1}.Debug|Any CPU.ActiveCfg = Debug|Any CPU
		{0B3DB89B-1124-45A7-ABC1-2C42596CC6D1}.Debug|Any CPU.Build.0 = Debug|Any CPU
		{0B3DB89B-1124-45A7-ABC1-2C42596CC6D1}.Release|Any CPU.ActiveCfg = Release|Any CPU
		{0B3DB89B-1124-45A7-ABC1-2C42596CC6D1}.Release|Any CPU.Build.0 = Release|Any CPU
	EndGlobalSection
	GlobalSection(SolutionProperties) = preSolution
		HideSolutionNode = FALSE
	EndGlobalSection
	GlobalSection(ExtensibilityGlobals) = postSolution
		SolutionGuid = {A036326C-2E51-4B74-A0E5-0EA0C0DF0631}
	EndGlobalSection
EndGlobal
